
Microsoft Visual Studio Solution File, Format Version 12.00
# Visual Studio Version 16
VisualStudioVersion = 16.0.30128.74
MinimumVisualStudioVersion = 10.0.40219.1
Project("{FAE04EC0-301F-11D3-BF4B-00C04F79EFBC}") = "espScreenCast", "espScreenCast-cs\espScreenCast.csproj", "{146AE745-A08A-4619-8CA1-F5DDDBC5D821}"
EndProject
Global
	GlobalSection(SolutionConfigurationPlatforms) = preSolution
		Debug|Any CPU = Debug|Any CPU
		Release|Any CPU = Release|Any CPU
	EndGlobalSection
	GlobalSection(ProjectConfigurationPlatforms) = postSolution
		{146AE745-A08A-4619-8CA1-F5DDDBC5D821}.Debug|Any CPU.ActiveCfg = Debug|Any CPU
		{146AE745-A08A-4619-8CA1-F5DDDBC5D821}.Debug|Any CPU.Build.0 = Debug|Any CPU
		{146AE745-A08A-4619-8CA1-F5DDDBC5D821}.Release|Any CPU.ActiveCfg = Release|Any CPU
		{146AE745-A08A-4619-8CA1-F5DDDBC5D821}.Release|Any CPU.Build.0 = Release|Any CPU
	EndGlobalSection
	GlobalSection(SolutionProperties) = preSolution
		HideSolutionNode = FALSE
	EndGlobalSection
	GlobalSection(ExtensibilityGlobals) = postSolution
		SolutionGuid = {4CEAA2B8-620B-4480-A38B-FF6104BBD63E}
	EndGlobalSection
EndGlobal
